
Microsoft Visual Studio Solution File, Format Version 12.00
# Visual Studio Version 16
VisualStudioVersion = 16.0.31911.196
MinimumVisualStudioVersion = 10.0.40219.1
Project("{9A19103F-16F7-4668-BE54-9A1E7A4F7556}") = "APIGateway", "APIGateway\APIGateway.csproj", "{F3B4A04E-ECA1-4282-93B1-E8ACFAEF2ADF}"
EndProject
Project("{2150E333-8FDC-42A3-9474-1A3956D46DE8}") = "Services", "Services", "{10C1B253-724E-44D9-869B-A2ABCE3A71F1}"
EndProject
Project("{9A19103F-16F7-4668-BE54-9A1E7A4F7556}") = "Contact.API", "Services\ContactAPI\Contact.API\Contact.API.csproj", "{6A2E2666-B6AC-4E6F-9041-D8BD05EC4C3B}"
EndProject
Project("{9A19103F-16F7-4668-BE54-9A1E7A4F7556}") = "Reservation.API", "Services\RestAPI\Reservation.API\Reservation.API.csproj", "{FD57778D-E034-4B7C-9C59-DDBCCD55A472}"
EndProject
Project("{2150E333-8FDC-42A3-9474-1A3956D46DE8}") = "ContactAPI", "ContactAPI", "{B679E4A5-13F3-4D8A-BE67-FD3522CC3CCA}"
EndProject
Project("{2150E333-8FDC-42A3-9474-1A3956D46DE8}") = "ReservationAPI", "ReservationAPI", "{FC6571E7-B647-499B-A29A-FA05C852153E}"
EndProject
Project("{9A19103F-16F7-4668-BE54-9A1E7A4F7556}") = "Contact.API.Infrastructure", "Services\ContactAPI\Contact.API.Infrastructure\Contact.API.Infrastructure.csproj", "{EB26A218-4C82-4631-A068-5A3C64FDA8B1}"
EndProject
Project("{9A19103F-16F7-4668-BE54-9A1E7A4F7556}") = "Contact.API.Models", "Services\ContactAPI\Contact.API.Models\Contact.API.Models.csproj", "{19101F90-9643-45C5-B04E-C9C83DADFADC}"
EndProject
Project("{9A19103F-16F7-4668-BE54-9A1E7A4F7556}") = "Contact.API.Services", "Services\ContactAPI\Contact.API.Services\Contact.API.Services.csproj", "{2E0E290C-63D6-4570-BD1A-3D79555AD51E}"
EndProject
Project("{FAE04EC0-301F-11D3-BF4B-00C04F79EFBC}") = "Reservation.API.Infrastructure", "Services\RestAPI\Reservation.API.Infrastructure\Reservation.API.Infrastructure.csproj", "{BB48D762-B099-4D9D-BB12-CF6C09A1DF0C}"
EndProject
Project("{FAE04EC0-301F-11D3-BF4B-00C04F79EFBC}") = "Reservation.API.Models", "Services\RestAPI\Reservation.API.Models\Reservation.API.Models.csproj", "{80572D74-6E81-41C6-9899-428159645BB1}"
EndProject
Project("{FAE04EC0-301F-11D3-BF4B-00C04F79EFBC}") = "Reservation.API.Services", "Services\RestAPI\Reservation.API.Services\Reservation.API.Services.csproj", "{9DCCC9DE-A4FD-4845-BB3E-274B4AEE686F}"
EndProject
Global
	GlobalSection(SolutionConfigurationPlatforms) = preSolution
		Debug|Any CPU = Debug|Any CPU
		Release|Any CPU = Release|Any CPU
	EndGlobalSection
	GlobalSection(ProjectConfigurationPlatforms) = postSolution
		{F3B4A04E-ECA1-4282-93B1-E8ACFAEF2ADF}.Debug|Any CPU.ActiveCfg = Debug|Any CPU
		{F3B4A04E-ECA1-4282-93B1-E8ACFAEF2ADF}.Debug|Any CPU.Build.0 = Debug|Any CPU
		{F3B4A04E-ECA1-4282-93B1-E8ACFAEF2ADF}.Release|Any CPU.ActiveCfg = Release|Any CPU
		{F3B4A04E-ECA1-4282-93B1-E8ACFAEF2ADF}.Release|Any CPU.Build.0 = Release|Any CPU
		{6A2E2666-B6AC-4E6F-9041-D8BD05EC4C3B}.Debug|Any CPU.ActiveCfg = Debug|Any CPU
		{6A2E2666-B6AC-4E6F-9041-D8BD05EC4C3B}.Debug|Any CPU.Build.0 = Debug|Any CPU
		{6A2E2666-B6AC-4E6F-9041-D8BD05EC4C3B}.Release|Any CPU.ActiveCfg = Release|Any CPU
		{6A2E2666-B6AC-4E6F-9041-D8BD05EC4C3B}.Release|Any CPU.Build.0 = Release|Any CPU
		{FD57778D-E034-4B7C-9C59-DDBCCD55A472}.Debug|Any CPU.ActiveCfg = Debug|Any CPU
		{FD57778D-E034-4B7C-9C59-DDBCCD55A472}.Debug|Any CPU.Build.0 = Debug|Any CPU
		{FD57778D-E034-4B7C-9C59-DDBCCD55A472}.Release|Any CPU.ActiveCfg = Release|Any CPU
		{FD57778D-E034-4B7C-9C59-DDBCCD55A472}.Release|Any CPU.Build.0 = Release|Any CPU
		{EB26A218-4C82-4631-A068-5A3C64FDA8B1}.Debug|Any CPU.ActiveCfg = Debug|Any CPU
		{EB26A218-4C82-4631-A068-5A3C64FDA8B1}.Debug|Any CPU.Build.0 = Debug|Any CPU
		{EB26A218-4C82-4631-A068-5A3C64FDA8B1}.Release|Any CPU.ActiveCfg = Release|Any CPU
		{EB26A218-4C82-4631-A068-5A3C64FDA8B1}.Release|Any CPU.Build.0 = Release|Any CPU
		{19101F90-9643-45C5-B04E-C9C83DADFADC}.Debug|Any CPU.ActiveCfg = Debug|Any CPU
		{19101F90-9643-45C5-B04E-C9C83DADFADC}.Debug|Any CPU.Build.0 = Debug|Any CPU
		{19101F90-9643-45C5-B04E-C9C83DADFADC}.Release|Any CPU.ActiveCfg = Release|Any CPU
		{19101F90-9643-45C5-B04E-C9C83DADFADC}.Release|Any CPU.Build.0 = Release|Any CPU
		{2E0E290C-63D6-4570-BD1A-3D79555AD51E}.Debug|Any CPU.ActiveCfg = Debug|Any CPU
		{2E0E290C-63D6-4570-BD1A-3D79555AD51E}.Debug|Any CPU.Build.0 = Debug|Any CPU
		{2E0E290C-63D6-4570-BD1A-3D79555AD51E}.Release|Any CPU.ActiveCfg = Release|Any CPU
		{2E0E290C-63D6-4570-BD1A-3D79555AD51E}.Release|Any CPU.Build.0 = Release|Any CPU
		{BB48D762-B099-4D9D-BB12-CF6C09A1DF0C}.Debug|Any CPU.ActiveCfg = Debug|Any CPU
		{BB48D762-B099-4D9D-BB12-CF6C09A1DF0C}.Debug|Any CPU.Build.0 = Debug|Any CPU
		{BB48D762-B099-4D9D-BB12-CF6C09A1DF0C}.Release|Any CPU.ActiveCfg = Release|Any CPU
		{BB48D762-B099-4D9D-BB12-CF6C09A1DF0C}.Release|Any CPU.Build.0 = Release|Any CPU
		{80572D74-6E81-41C6-9899-428159645BB1}.Debug|Any CPU.ActiveCfg = Debug|Any CPU
		{80572D74-6E81-41C6-9899-428159645BB1}.Debug|Any CPU.Build.0 = Debug|Any CPU
		{80572D74-6E81-41C6-9899-428159645BB1}.Release|Any CPU.ActiveCfg = Release|Any CPU
		{80572D74-6E81-41C6-9899-428159645BB1}.Release|Any CPU.Build.0 = Release|Any CPU
		{9DCCC9DE-A4FD-4845-BB3E-274B4AEE686F}.Debug|Any CPU.ActiveCfg = Debug|Any CPU
		{9DCCC9DE-A4FD-4845-BB3E-274B4AEE686F}.Debug|Any CPU.Build.0 = Debug|Any CPU
		{9DCCC9DE-A4FD-4845-BB3E-274B4AEE686F}.Release|Any CPU.ActiveCfg = Release|Any CPU
		{9DCCC9DE-A4FD-4845-BB3E-274B4AEE686F}.Release|Any CPU.Build.0 = Release|Any CPU
	EndGlobalSection
	GlobalSection(SolutionProperties) = preSolution
		HideSolutionNode = FALSE
	EndGlobalSection
	GlobalSection(NestedProjects) = preSolution
		{6A2E2666-B6AC-4E6F-9041-D8BD05EC4C3B} = {B679E4A5-13F3-4D8A-BE67-FD3522CC3CCA}
		{FD57778D-E034-4B7C-9C59-DDBCCD55A472} = {FC6571E7-B647-499B-A29A-FA05C852153E}
		{B679E4A5-13F3-4D8A-BE67-FD3522CC3CCA} = {10C1B253-724E-44D9-869B-A2ABCE3A71F1}
		{FC6571E7-B647-499B-A29A-FA05C852153E} = {10C1B253-724E-44D9-869B-A2ABCE3A71F1}
		{EB26A218-4C82-4631-A068-5A3C64FDA8B1} = {B679E4A5-13F3-4D8A-BE67-FD3522CC3CCA}
		{19101F90-9643-45C5-B04E-C9C83DADFADC} = {B679E4A5-13F3-4D8A-BE67-FD3522CC3CCA}
		{2E0E290C-63D6-4570-BD1A-3D79555AD51E} = {B679E4A5-13F3-4D8A-BE67-FD3522CC3CCA}
		{BB48D762-B099-4D9D-BB12-CF6C09A1DF0C} = {FC6571E7-B647-499B-A29A-FA05C852153E}
		{80572D74-6E81-41C6-9899-428159645BB1} = {FC6571E7-B647-499B-A29A-FA05C852153E}
		{9DCCC9DE-A4FD-4845-BB3E-274B4AEE686F} = {FC6571E7-B647-499B-A29A-FA05C852153E}
	EndGlobalSection
	GlobalSection(ExtensibilityGlobals) = postSolution
		SolutionGuid = {8F0432B0-CAD9-4E31-9B5A-A6E190F5F73C}
	EndGlobalSection
EndGlobal
